
Microsoft Visual Studio Solution File, Format Version 12.00
# Visual Studio Version 16
VisualStudioVersion = 16.0.30114.105
MinimumVisualStudioVersion = 10.0.40219.1
Project("{2150E333-8FDC-42A3-9474-1A3956D46DE8}") = "Src", "Src", "{FD60395C-D876-4AF4-973C-25BB37AF108B}"
EndProject
Project("{FAE04EC0-301F-11D3-BF4B-00C04F79EFBC}") = "CommandApi", "Src\CommandApi\CommandApi.csproj", "{87AF095B-C089-4351-BB52-31B7868248AB}"
EndProject
Project("{2150E333-8FDC-42A3-9474-1A3956D46DE8}") = "Test", "Test", "{28D71863-C004-4FF2-9693-7143136DAA25}"
EndProject
Project("{FAE04EC0-301F-11D3-BF4B-00C04F79EFBC}") = "CommandApi.Tests", "Test\CommandApi.Tests\CommandApi.Tests.csproj", "{0FA49830-A1DA-4AE1-B1AA-DAE4588F4CC1}"
EndProject
Global
	GlobalSection(SolutionConfigurationPlatforms) = preSolution
		Debug|Any CPU = Debug|Any CPU
		Debug|x64 = Debug|x64
		Debug|x86 = Debug|x86
		Release|Any CPU = Release|Any CPU
		Release|x64 = Release|x64
		Release|x86 = Release|x86
	EndGlobalSection
	GlobalSection(SolutionProperties) = preSolution
		HideSolutionNode = FALSE
	EndGlobalSection
	GlobalSection(ProjectConfigurationPlatforms) = postSolution
		{87AF095B-C089-4351-BB52-31B7868248AB}.Debug|Any CPU.ActiveCfg = Debug|Any CPU
		{87AF095B-C089-4351-BB52-31B7868248AB}.Debug|Any CPU.Build.0 = Debug|Any CPU
		{87AF095B-C089-4351-BB52-31B7868248AB}.Debug|x64.ActiveCfg = Debug|Any CPU
		{87AF095B-C089-4351-BB52-31B7868248AB}.Debug|x64.Build.0 = Debug|Any CPU
		{87AF095B-C089-4351-BB52-31B7868248AB}.Debug|x86.ActiveCfg = Debug|Any CPU
		{87AF095B-C089-4351-BB52-31B7868248AB}.Debug|x86.Build.0 = Debug|Any CPU
		{87AF095B-C089-4351-BB52-31B7868248AB}.Release|Any CPU.ActiveCfg = Release|Any CPU
		{87AF095B-C089-4351-BB52-31B7868248AB}.Release|Any CPU.Build.0 = Release|Any CPU
		{87AF095B-C089-4351-BB52-31B7868248AB}.Release|x64.ActiveCfg = Release|Any CPU
		{87AF095B-C089-4351-BB52-31B7868248AB}.Release|x64.Build.0 = Release|Any CPU
		{87AF095B-C089-4351-BB52-31B7868248AB}.Release|x86.ActiveCfg = Release|Any CPU
		{87AF095B-C089-4351-BB52-31B7868248AB}.Release|x86.Build.0 = Release|Any CPU
		{0FA49830-A1DA-4AE1-B1AA-DAE4588F4CC1}.Debug|Any CPU.ActiveCfg = Debug|Any CPU
		{0FA49830-A1DA-4AE1-B1AA-DAE4588F4CC1}.Debug|Any CPU.Build.0 = Debug|Any CPU
		{0FA49830-A1DA-4AE1-B1AA-DAE4588F4CC1}.Debug|x64.ActiveCfg = Debug|Any CPU
		{0FA49830-A1DA-4AE1-B1AA-DAE4588F4CC1}.Debug|x64.Build.0 = Debug|Any CPU
		{0FA49830-A1DA-4AE1-B1AA-DAE4588F4CC1}.Debug|x86.ActiveCfg = Debug|Any CPU
		{0FA49830-A1DA-4AE1-B1AA-DAE4588F4CC1}.Debug|x86.Build.0 = Debug|Any CPU
		{0FA49830-A1DA-4AE1-B1AA-DAE4588F4CC1}.Release|Any CPU.ActiveCfg = Release|Any CPU
		{0FA49830-A1DA-4AE1-B1AA-DAE4588F4CC1}.Release|Any CPU.Build.0 = Release|Any CPU
		{0FA49830-A1DA-4AE1-B1AA-DAE4588F4CC1}.Release|x64.ActiveCfg = Release|Any CPU
		{0FA49830-A1DA-4AE1-B1AA-DAE4588F4CC1}.Release|x64.Build.0 = Release|Any CPU
		{0FA49830-A1DA-4AE1-B1AA-DAE4588F4CC1}.Release|x86.ActiveCfg = Release|Any CPU
		{0FA49830-A1DA-4AE1-B1AA-DAE4588F4CC1}.Release|x86.Build.0 = Release|Any CPU
	EndGlobalSection
	GlobalSection(NestedProjects) = preSolution
		{87AF095B-C089-4351-BB52-31B7868248AB} = {FD60395C-D876-4AF4-973C-25BB37AF108B}
		{0FA49830-A1DA-4AE1-B1AA-DAE4588F4CC1} = {28D71863-C004-4FF2-9693-7143136DAA25}
	EndGlobalSection
EndGlobal
